
Microsoft Visual Studio Solution File, Format Version 12.00
# Visual Studio Version 17
VisualStudioVersion = 17.12.35707.178 d17.12
MinimumVisualStudioVersion = 10.0.40219.1
Project("{FAE04EC0-301F-11D3-BF4B-00C04F79EFBC}") = "MinimalAPIProject", "MinimalAPIProject\MinimalAPIProject.csproj", "{D918A18B-B98B-491F-B4BD-23A400966D71}"
EndProject
Global
	GlobalSection(SolutionConfigurationPlatforms) = preSolution
		Debug|Any CPU = Debug|Any CPU
		Release|Any CPU = Release|Any CPU
	EndGlobalSection
	GlobalSection(ProjectConfigurationPlatforms) = postSolution
		{D918A18B-B98B-491F-B4BD-23A400966D71}.Debug|Any CPU.ActiveCfg = Debug|Any CPU
		{D918A18B-B98B-491F-B4BD-23A400966D71}.Debug|Any CPU.Build.0 = Debug|Any CPU
		{D918A18B-B98B-491F-B4BD-23A400966D71}.Release|Any CPU.ActiveCfg = Release|Any CPU
		{D918A18B-B98B-491F-B4BD-23A400966D71}.Release|Any CPU.Build.0 = Release|Any CPU
	EndGlobalSection
	GlobalSection(SolutionProperties) = preSolution
		HideSolutionNode = FALSE
	EndGlobalSection
EndGlobal
